
Microsoft Visual Studio Solution File, Format Version 12.00
# Visual Studio 15
VisualStudioVersion = 15.0.28010.2026
MinimumVisualStudioVersion = 10.0.40219.1
Project("{FAE04EC0-301F-11D3-BF4B-00C04F79EFBC}") = "WebFormsDemo-pv03-SKe", "WebFormsDemo-pv03-SKe\WebFormsDemo-pv03-SKe.csproj", "{F67D8B7D-3B99-4480-9E05-90D776A693C0}"
EndProject
Global
	GlobalSection(SolutionConfigurationPlatforms) = preSolution
		Debug|Any CPU = Debug|Any CPU
		Release|Any CPU = Release|Any CPU
	EndGlobalSection
	GlobalSection(ProjectConfigurationPlatforms) = postSolution
		{F67D8B7D-3B99-4480-9E05-90D776A693C0}.Debug|Any CPU.ActiveCfg = Debug|Any CPU
		{F67D8B7D-3B99-4480-9E05-90D776A693C0}.Debug|Any CPU.Build.0 = Debug|Any CPU
		{F67D8B7D-3B99-4480-9E05-90D776A693C0}.Release|Any CPU.ActiveCfg = Release|Any CPU
		{F67D8B7D-3B99-4480-9E05-90D776A693C0}.Release|Any CPU.Build.0 = Release|Any CPU
	EndGlobalSection
	GlobalSection(SolutionProperties) = preSolution
		HideSolutionNode = FALSE
	EndGlobalSection
	GlobalSection(ExtensibilityGlobals) = postSolution
		SolutionGuid = {19EA216A-425F-4FB4-BF6A-1F0DD3D9575F}
	EndGlobalSection
EndGlobal
